// !$*UTF8*$!
{
	archiveVersion = 1;
	classes = {
	};
	objectVersion = 46;
	objects = {

/* Begin PBXBuildFile section */
		BB1BD9F71E552DD000E34371 /* MealTableViewCell.swift in Sources */ = {isa = PBXBuildFile; fileRef = BB1BD9F61E552DD000E34371 /* MealTableViewCell.swift */; };
		BB1BD9F91E55318200E34371 /* MealTableViewController.swift in Sources */ = {isa = PBXBuildFile; fileRef = BB1BD9F81E55318200E34371 /* MealTableViewController.swift */; };
		BB1D80051E4C03240008BCE9 /* AppDelegate.swift in Sources */ = {isa = PBXBuildFile; fileRef = BB1D80041E4C03240008BCE9 /* AppDelegate.swift */; };
		BB1D80071E4C03240008BCE9 /* MealViewController.swift in Sources */ = {isa = PBXBuildFile; fileRef = BB1D80061E4C03240008BCE9 /* MealViewController.swift */; };
		BB1D800A1E4C03240008BCE9 /* Main.storyboard in Resources */ = {isa = PBXBuildFile; fileRef = BB1D80081E4C03240008BCE9 /* Main.storyboard */; };
		BB1D800C1E4C03240008BCE9 /* Assets.xcassets in Resources */ = {isa = PBXBuildFile; fileRef = BB1D800B1E4C03240008BCE9 /* Assets.xcassets */; };
		BB1D800F1E4C03240008BCE9 /* LaunchScreen.storyboard in Resources */ = {isa = PBXBuildFile; fileRef = BB1D800D1E4C03240008BCE9 /* LaunchScreen.storyboard */; };
		BB9729D21E55288600084DDA /* Meal.swift in Sources */ = {isa = PBXBuildFile; fileRef = BB9729D11E55288600084DDA /* Meal.swift */; };
		BBC7FE2D1E551C8400897D36 /* RatingControl.swift in Sources */ = {isa = PBXBuildFile; fileRef = BBC7FE2C1E551C8400897D36 /* RatingControl.swift */; };
/* End PBXBuildFile section */

/* Begin PBXFileReference section */
		BB1BD9F61E552DD000E34371 /* MealTableViewCell.swift */ = {isa = PBXFileReference; fileEncoding = 4; lastKnownFileType = sourcecode.swift; path = MealTableViewCell.swift; sourceTree = "<group>"; };
		BB1BD9F81E55318200E34371 /* MealTableViewController.swift */ = {isa = PBXFileReference; fileEncoding = 4; lastKnownFileType = sourcecode.swift; path = MealTableViewController.swift; sourceTree = "<group>"; };
		BB1D80011E4C03240008BCE9 /* FoodTracker.app */ = {isa = PBXFileReference; explicitFileType = wrapper.application; includeInIndex = 0; path = FoodTracker.app; sourceTree = BUILT_PRODUCTS_DIR; };
		BB1D80041E4C03240008BCE9 /* AppDelegate.swift */ = {isa = PBXFileReference; lastKnownFileType = sourcecode.swift; path = AppDelegate.swift; sourceTree = "<group>"; };
		BB1D80061E4C03240008BCE9 /* MealViewController.swift */ = {isa = PBXFileReference; lastKnownFileType = sourcecode.swift; path = MealViewController.swift; sourceTree = "<group>"; };
		BB1D80091E4C03240008BCE9 /* Base */ = {isa = PBXFileReference; lastKnownFileType = file.storyboard; name = Base; path = Base.lproj/Main.storyboard; sourceTree = "<group>"; };
		BB1D800B1E4C03240008BCE9 /* Assets.xcassets */ = {isa = PBXFileReference; lastKnownFileType = folder.assetcatalog; path = Assets.xcassets; sourceTree = "<group>"; };
		BB1D800E1E4C03240008BCE9 /* Base */ = {isa = PBXFileReference; lastKnownFileType = file.storyboard; name = Base; path = Base.lproj/LaunchScreen.storyboard; sourceTree = "<group>"; };
		BB1D80101E4C03240008BCE9 /* Info.plist */ = {isa = PBXFileReference; lastKnownFileType = text.plist.xml; path = Info.plist; sourceTree = "<group>"; };
		BB9729D11E55288600084DDA /* Meal.swift */ = {isa = PBXFileReference; fileEncoding = 4; lastKnownFileType = sourcecode.swift; path = Meal.swift; sourceTree = "<group>"; };
		BBC7FE2C1E551C8400897D36 /* RatingControl.swift */ = {isa = PBXFileReference; fileEncoding = 4; lastKnownFileType = sourcecode.swift; path = RatingControl.swift; sourceTree = "<group>"; };
/* End PBXFileReference section */

/* Begin PBXFrameworksBuildPhase section */
		BB1D7FFE1E4C03240008BCE9 /* Frameworks */ = {
			isa = PBXFrameworksBuildPhase;
			buildActionMask = 2147483647;
			files = (
			);
			runOnlyForDeploymentPostprocessing = 0;
		};
/* End PBXFrameworksBuildPhase section */

/* Begin PBXGroup section */
		BB1D7FF81E4C03240008BCE9 = {
			isa = PBXGroup;
			children = (
				BB1D80031E4C03240008BCE9 /* FoodTracker */,
				BB1D80021E4C03240008BCE9 /* Products */,
			);
			sourceTree = "<group>";
		};
		BB1D80021E4C03240008BCE9 /* Products */ = {
			isa = PBXGroup;
			children = (
				BB1D80011E4C03240008BCE9 /* FoodTracker.app */,
			);
			name = Products;
			sourceTree = "<group>";
		};
		BB1D80031E4C03240008BCE9 /* FoodTracker */ = {
			isa = PBXGroup;
			children = (
				BB1D80041E4C03240008BCE9 /* AppDelegate.swift */,
				BB1D80061E4C03240008BCE9 /* MealViewController.swift */,
				BB1BD9F81E55318200E34371 /* MealTableViewController.swift */,
				BB1BD9F61E552DD000E34371 /* MealTableViewCell.swift */,
				BB9729D11E55288600084DDA /* Meal.swift */,
				BBC7FE2C1E551C8400897D36 /* RatingControl.swift */,
				BB1D80081E4C03240008BCE9 /* Main.storyboard */,
				BB1D800B1E4C03240008BCE9 /* Assets.xcassets */,
				BB1D800D1E4C03240008BCE9 /* LaunchScreen.storyboard */,
				BB1D80101E4C03240008BCE9 /* Info.plist */,
			);
			path = FoodTracker;
			sourceTree = "<group>";
		};
/* End PBXGroup section */

/* Begin PBXNativeTarget section */
		BB1D80001E4C03240008BCE9 /* FoodTracker */ = {
			isa = PBXNativeTarget;
			buildConfigurationList = BB1D80131E4C03240008BCE9 /* Build configuration list for PBXNativeTarget "FoodTracker" */;
			buildPhases = (
				BB1D7FFD1E4C03240008BCE9 /* Sources */,
				BB1D7FFE1E4C03240008BCE9 /* Frameworks */,
				BB1D7FFF1E4C03240008BCE9 /* Resources */,
			);
			buildRules = (
			);
			dependencies = (
			);
			name = FoodTracker;
			productName = FoodTracker;
			productReference = BB1D80011E4C03240008BCE9 /* FoodTracker.app */;
			productType = "com.apple.product-type.application";
		};
/* End PBXNativeTarget section */

/* Begin PBXProject section */
		BB1D7FF91E4C03240008BCE9 /* Project object */ = {
			isa = PBXProject;
			attributes = {
				LastSwiftUpdateCheck = 0820;
				LastUpgradeCheck = 0820;
				ORGANIZATIONNAME = "Fiori III, Anthony J";
				TargetAttributes = {
					BB1D80001E4C03240008BCE9 = {
						CreatedOnToolsVersion = 8.2.1;
						DevelopmentTeam = HSCJQJ2VY6;
						ProvisioningStyle = Automatic;
					};
				};
			};
			buildConfigurationList = BB1D7FFC1E4C03240008BCE9 /* Build configuration list for PBXProject "FoodTracker" */;
			compatibilityVersion = "Xcode 3.2";
			developmentRegion = English;
			hasScannedForEncodings = 0;
			knownRegions = (
				en,
				Base,
			);
			mainGroup = BB1D7FF81E4C03240008BCE9;
			productRefGroup = BB1D80021E4C03240008BCE9 /* Products */;
			projectDirPath = "";
			projectRoot = "";
			targets = (
				BB1D80001E4C03240008BCE9 /* FoodTracker */,
			);
		};
/* End PBXProject section */

/* Begin PBXResourcesBuildPhase section */
		BB1D7FFF1E4C03240008BCE9 /* Resources */ = {
			isa = PBXResourcesBuildPhase;
			buildActionMask = 2147483647;
			files = (
				BB1D800F1E4C03240008BCE9 /* LaunchScreen.storyboard in Resources */,
				BB1D800C1E4C03240008BCE9 /* Assets.xcassets in Resources */,
				BB1D800A1E4C03240008BCE9 /* Main.storyboard in Resources */,
			);
			runOnlyForDeploymentPostprocessing = 0;
		};
/* End PBXResourcesBuildPhase section */

/* Begin PBXSourcesBuildPhase section */
		BB1D7FFD1E4C03240008BCE9 /* Sources */ = {
			isa = PBXSourcesBuildPhase;
			buildActionMask = 2147483647;
			files = (
				BB9729D21E55288600084DDA /* Meal.swift in Sources */,
				BB1D80071E4C03240008BCE9 /* MealViewController.swift in Sources */,
				BBC7FE2D1E551C8400897D36 /* RatingControl.swift in Sources */,
				BB1D80051E4C03240008BCE9 /* AppDelegate.swift in Sources */,
				BB1BD9F91E55318200E34371 /* MealTableViewController.swift in Sources */,
				BB1BD9F71E552DD000E34371 /* MealTableViewCell.swift in Sources */,
			);
			runOnlyForDeploymentPostprocessing = 0;
		};
/* End PBXSourcesBuildPhase section */

/* Begin PBXVariantGroup section */
		BB1D80081E4C03240008BCE9 /* Main.storyboard */ = {
			isa = PBXVariantGroup;
			children = (
				BB1D80091E4C03240008BCE9 /* Base */,
			);
			name = Main.storyboard;
			sourceTree = "<group>";
		};
		BB1D800D1E4C03240008BCE9 /* LaunchScreen.storyboard */ = {
			isa = PBXVariantGroup;
			children = (
				BB1D800E1E4C03240008BCE9 /* Base */,
			);
			name = LaunchScreen.storyboard;
			sourceTree = "<group>";
		};
/* End PBXVariantGroup section */

/* Begin XCBuildConfiguration section */
		BB1D80111E4C03240008BCE9 /* Debug */ = {
			isa = XCBuildConfiguration;
			buildSettings = {
				ALWAYS_SEARCH_USER_PATHS = NO;
				CLANG_ANALYZER_NONNULL = YES;
				CLANG_CXX_LANGUAGE_STANDARD = "gnu++0x";
				CLANG_CXX_LIBRARY = "libc++";
				CLANG_ENABLE_MODULES = YES;
				CLANG_ENABLE_OBJC_ARC = YES;
				CLANG_WARN_BOOL_CONVERSION = YES;
				CLANG_WARN_CONSTANT_CONVERSION = YES;
				CLANG_WARN_DIRECT_OBJC_ISA_USAGE = YES_ERROR;
				CLANG_WARN_DOCUMENTATION_COMMENTS = YES;
				CLANG_WARN_EMPTY_BODY = YES;
				CLANG_WARN_ENUM_CONVERSION = YES;
				CLANG_WARN_INFINITE_RECURSION = YES;
				CLANG_WARN_INT_CONVERSION = YES;
				CLANG_WARN_OBJC_ROOT_CLASS = YES_ERROR;
				CLANG_WARN_SUSPICIOUS_MOVE = YES;
				CLANG_WARN_UNREACHABLE_CODE = YES;
				CLANG_WARN__DUPLICATE_METHOD_MATCH = YES;
				"CODE_SIGN_IDENTITY[sdk=iphoneos*]" = "iPhone Developer";
				COPY_PHASE_STRIP = NO;
				DEBUG_INFORMATION_FORMAT = dwarf;
				ENABLE_STRICT_OBJC_MSGSEND = YES;
				ENABLE_TESTABILITY = YES;
				GCC_C_LANGUAGE_STANDARD = gnu99;
				GCC_DYNAMIC_NO_PIC = NO;
				GCC_NO_COMMON_BLOCKS = YES;
				GCC_OPTIMIZATION_LEVEL = 0;
				GCC_PREPROCESSOR_DEFINITIONS = (
					"DEBUG=1",
					"$(inherited)",
				);
				GCC_WARN_64_TO_32_BIT_CONVERSION = YES;
				GCC_WARN_ABOUT_RETURN_TYPE = YES_ERROR;
				GCC_WARN_UNDECLARED_SELECTOR = YES;
				GCC_WARN_UNINITIALIZED_AUTOS = YES_AGGRESSIVE;
				GCC_WARN_UNUSED_FUNCTION = YES;
				GCC_WARN_UNUSED_VARIABLE = YES;
				IPHONEOS_DEPLOYMENT_TARGET = 10.2;
				MTL_ENABLE_DEBUG_INFO = YES;
				ONLY_ACTIVE_ARCH = YES;
				SDKROOT = iphoneos;
				SWIFT_ACTIVE_COMPILATION_CONDITIONS = DEBUG;
				SWIFT_OPTIMIZATION_LEVEL = "-Onone";
				TARGETED_DEVICE_FAMILY = "1,2";
			};
			name = Debug;
		};
		BB1D80121E4C03240008BCE9 /* Release */ = {
			isa = XCBuildConfiguration;
			buildSettings = {
				ALWAYS_SEARCH_USER_PATHS = NO;
				CLANG_ANALYZER_NONNULL = YES;
				CLANG_CXX_LANGUAGE_STANDARD = "gnu++0x";
				CLANG_CXX_LIBRARY = "libc++";
				CLANG_ENABLE_MODULES = YES;
				CLANG_ENABLE_OBJC_ARC = YES;
				CLANG_WARN_BOOL_CONVERSION = YES;
				CLANG_WARN_CONSTANT_CONVERSION = YES;
				CLANG_WARN_DIRECT_OBJC_ISA_USAGE = YES_ERROR;
				CLANG_WARN_DOCUMENTATION_COMMENTS = YES;
				CLANG_WARN_EMPTY_BODY = YES;
				CLANG_WARN_ENUM_CONVERSION = YES;
				CLANG_WARN_INFINITE_RECURSION = YES;
				CLANG_WARN_INT_CONVERSION = YES;
				CLANG_WARN_OBJC_ROOT_CLASS = YES_ERROR;
				CLANG_WARN_SUSPICIOUS_MOVE = YES;
				CLANG_WARN_UNREACHABLE_CODE = YES;
				CLANG_WARN__DUPLICATE_METHOD_MATCH = YES;
				"CODE_SIGN_IDENTITY[sdk=iphoneos*]" = "iPhone Developer";
				COPY_PHASE_STRIP = NO;
				DEBUG_INFORMATION_FORMAT = "dwarf-with-dsym";
				ENABLE_NS_ASSERTIONS = NO;
				ENABLE_STRICT_OBJC_MSGSEND = YES;
				GCC_C_LANGUAGE_STANDARD = gnu99;
				GCC_NO_COMMON_BLOCKS = YES;
				GCC_WARN_64_TO_32_BIT_CONVERSION = YES;
				GCC_WARN_ABOUT_RETURN_TYPE = YES_ERROR;
				GCC_WARN_UNDECLARED_SELECTOR = YES;
				GCC_WARN_UNINITIALIZED_AUTOS = YES_AGGRESSIVE;
				GCC_WARN_UNUSED_FUNCTION = YES;
				GCC_WARN_UNUSED_VARIABLE = YES;
				IPHONEOS_DEPLOYMENT_TARGET = 10.2;
				MTL_ENABLE_DEBUG_INFO = NO;
				SDKROOT = iphoneos;
				SWIFT_OPTIMIZATION_LEVEL = "-Owholemodule";
				TARGETED_DEVICE_FAMILY = "1,2";
				VALIDATE_PRODUCT = YES;
			};
			name = Release;
		};
		BB1D80141E4C03240008BCE9 /* Debug */ = {
			isa = XCBuildConfiguration;
			buildSettings = {
				ASSETCATALOG_COMPILER_APPICON_NAME = AppIcon;
				DEVELOPMENT_TEAM = HSCJQJ2VY6;
				INFOPLIST_FILE = FoodTracker/Info.plist;
				LD_RUNPATH_SEARCH_PATHS = "$(inherited) @executable_path/Frameworks";
				PRODUCT_BUNDLE_IDENTIFIER = edu.neit.FoodTracker;
				PRODUCT_NAME = "$(TARGET_NAME)";
				SWIFT_VERSION = 3.0;
			};
			name = Debug;
		};
		BB1D80151E4C03240008BCE9 /* Release */ = {
			isa = XCBuildConfiguration;
			buildSettings = {
				ASSETCATALOG_COMPILER_APPICON_NAME = AppIcon;
				DEVELOPMENT_TEAM = HSCJQJ2VY6;
				INFOPLIST_FILE = FoodTracker/Info.plist;
				LD_RUNPATH_SEARCH_PATHS = "$(inherited) @executable_path/Frameworks";
				PRODUCT_BUNDLE_IDENTIFIER = edu.neit.FoodTracker;
				PRODUCT_NAME = "$(TARGET_NAME)";
				SWIFT_VERSION = 3.0;
			};
			name = Release;
		};
/* End XCBuildConfiguration section */

/* Begin XCConfigurationList section */
		BB1D7FFC1E4C03240008BCE9 /* Build configuration list for PBXProject "FoodTracker" */ = {
			isa = XCConfigurationList;
			buildConfigurations = (
				BB1D80111E4C03240008BCE9 /* Debug */,
				BB1D80121E4C03240008BCE9 /* Release */,
			);
			defaultConfigurationIsVisible = 0;
			defaultConfigurationName = Release;
		};
		BB1D80131E4C03240008BCE9 /* Build configuration list for PBXNativeTarget "FoodTracker" */ = {
			isa = XCConfigurationList;
			buildConfigurations = (
				BB1D80141E4C03240008BCE9 /* Debug */,
				BB1D80151E4C03240008BCE9 /* Release */,
			);
			defaultConfigurationIsVisible = 0;
			defaultConfigurationName = Release;
		};
/* End XCConfigurationList section */
	};
	rootObject = BB1D7FF91E4C03240008BCE9 /* Project object */;
}
