// !$*UTF8*$!
{
	archiveVersion = 1;
	classes = {
	};
	objectVersion = 46;
	objects = {

/* Begin PBXBuildFile section */
		BB09F35C1E396789004ED03D /* AppDelegate.swift in Sources */ = {isa = PBXBuildFile; fileRef = BB09F35B1E396789004ED03D /* AppDelegate.swift */; };
		BB09F35E1E396789004ED03D /* ViewController.swift in Sources */ = {isa = PBXBuildFile; fileRef = BB09F35D1E396789004ED03D /* ViewController.swift */; };
		BB09F3611E396789004ED03D /* Main.storyboard in Resources */ = {isa = PBXBuildFile; fileRef = BB09F35F1E396789004ED03D /* Main.storyboard */; };
		BB09F3631E396789004ED03D /* Assets.xcassets in Resources */ = {isa = PBXBuildFile; fileRef = BB09F3621E396789004ED03D /* Assets.xcassets */; };
		BB09F3661E396789004ED03D /* LaunchScreen.storyboard in Resources */ = {isa = PBXBuildFile; fileRef = BB09F3641E396789004ED03D /* LaunchScreen.storyboard */; };
		BB09F3711E396789004ED03D /* QuizTests.swift in Sources */ = {isa = PBXBuildFile; fileRef = BB09F3701E396789004ED03D /* QuizTests.swift */; };
		BB09F37C1E396789004ED03D /* QuizUITests.swift in Sources */ = {isa = PBXBuildFile; fileRef = BB09F37B1E396789004ED03D /* QuizUITests.swift */; };
/* End PBXBuildFile section */

/* Begin PBXContainerItemProxy section */
		BB09F36D1E396789004ED03D /* PBXContainerItemProxy */ = {
			isa = PBXContainerItemProxy;
			containerPortal = BB09F3501E396789004ED03D /* Project object */;
			proxyType = 1;
			remoteGlobalIDString = BB09F3571E396789004ED03D;
			remoteInfo = Quiz;
		};
		BB09F3781E396789004ED03D /* PBXContainerItemProxy */ = {
			isa = PBXContainerItemProxy;
			containerPortal = BB09F3501E396789004ED03D /* Project object */;
			proxyType = 1;
			remoteGlobalIDString = BB09F3571E396789004ED03D;
			remoteInfo = Quiz;
		};
/* End PBXContainerItemProxy section */

/* Begin PBXFileReference section */
		BB09F3581E396789004ED03D /* Quiz.app */ = {isa = PBXFileReference; explicitFileType = wrapper.application; includeInIndex = 0; path = Quiz.app; sourceTree = BUILT_PRODUCTS_DIR; };
		BB09F35B1E396789004ED03D /* AppDelegate.swift */ = {isa = PBXFileReference; lastKnownFileType = sourcecode.swift; path = AppDelegate.swift; sourceTree = "<group>"; };
		BB09F35D1E396789004ED03D /* ViewController.swift */ = {isa = PBXFileReference; lastKnownFileType = sourcecode.swift; path = ViewController.swift; sourceTree = "<group>"; };
		BB09F3601E396789004ED03D /* Base */ = {isa = PBXFileReference; lastKnownFileType = file.storyboard; name = Base; path = Base.lproj/Main.storyboard; sourceTree = "<group>"; };
		BB09F3621E396789004ED03D /* Assets.xcassets */ = {isa = PBXFileReference; lastKnownFileType = folder.assetcatalog; path = Assets.xcassets; sourceTree = "<group>"; };
		BB09F3651E396789004ED03D /* Base */ = {isa = PBXFileReference; lastKnownFileType = file.storyboard; name = Base; path = Base.lproj/LaunchScreen.storyboard; sourceTree = "<group>"; };
		BB09F3671E396789004ED03D /* Info.plist */ = {isa = PBXFileReference; lastKnownFileType = text.plist.xml; path = Info.plist; sourceTree = "<group>"; };
		BB09F36C1E396789004ED03D /* QuizTests.xctest */ = {isa = PBXFileReference; explicitFileType = wrapper.cfbundle; includeInIndex = 0; path = QuizTests.xctest; sourceTree = BUILT_PRODUCTS_DIR; };
		BB09F3701E396789004ED03D /* QuizTests.swift */ = {isa = PBXFileReference; lastKnownFileType = sourcecode.swift; path = QuizTests.swift; sourceTree = "<group>"; };
		BB09F3721E396789004ED03D /* Info.plist */ = {isa = PBXFileReference; lastKnownFileType = text.plist.xml; path = Info.plist; sourceTree = "<group>"; };
		BB09F3771E396789004ED03D /* QuizUITests.xctest */ = {isa = PBXFileReference; explicitFileType = wrapper.cfbundle; includeInIndex = 0; path = QuizUITests.xctest; sourceTree = BUILT_PRODUCTS_DIR; };
		BB09F37B1E396789004ED03D /* QuizUITests.swift */ = {isa = PBXFileReference; lastKnownFileType = sourcecode.swift; path = QuizUITests.swift; sourceTree = "<group>"; };
		BB09F37D1E396789004ED03D /* Info.plist */ = {isa = PBXFileReference; lastKnownFileType = text.plist.xml; path = Info.plist; sourceTree = "<group>"; };
/* End PBXFileReference section */

/* Begin PBXFrameworksBuildPhase section */
		BB09F3551E396789004ED03D /* Frameworks */ = {
			isa = PBXFrameworksBuildPhase;
			buildActionMask = 2147483647;
			files = (
			);
			runOnlyForDeploymentPostprocessing = 0;
		};
		BB09F3691E396789004ED03D /* Frameworks */ = {
			isa = PBXFrameworksBuildPhase;
			buildActionMask = 2147483647;
			files = (
			);
			runOnlyForDeploymentPostprocessing = 0;
		};
		BB09F3741E396789004ED03D /* Frameworks */ = {
			isa = PBXFrameworksBuildPhase;
			buildActionMask = 2147483647;
			files = (
			);
			runOnlyForDeploymentPostprocessing = 0;
		};
/* End PBXFrameworksBuildPhase section */

/* Begin PBXGroup section */
		BB09F34F1E396789004ED03D = {
			isa = PBXGroup;
			children = (
				BB09F35A1E396789004ED03D /* Quiz */,
				BB09F36F1E396789004ED03D /* QuizTests */,
				BB09F37A1E396789004ED03D /* QuizUITests */,
				BB09F3591E396789004ED03D /* Products */,
			);
			sourceTree = "<group>";
		};
		BB09F3591E396789004ED03D /* Products */ = {
			isa = PBXGroup;
			children = (
				BB09F3581E396789004ED03D /* Quiz.app */,
				BB09F36C1E396789004ED03D /* QuizTests.xctest */,
				BB09F3771E396789004ED03D /* QuizUITests.xctest */,
			);
			name = Products;
			sourceTree = "<group>";
		};
		BB09F35A1E396789004ED03D /* Quiz */ = {
			isa = PBXGroup;
			children = (
				BB09F35B1E396789004ED03D /* AppDelegate.swift */,
				BB09F35D1E396789004ED03D /* ViewController.swift */,
				BB09F35F1E396789004ED03D /* Main.storyboard */,
				BB09F3621E396789004ED03D /* Assets.xcassets */,
				BB09F3641E396789004ED03D /* LaunchScreen.storyboard */,
				BB09F3671E396789004ED03D /* Info.plist */,
			);
			path = Quiz;
			sourceTree = "<group>";
		};
		BB09F36F1E396789004ED03D /* QuizTests */ = {
			isa = PBXGroup;
			children = (
				BB09F3701E396789004ED03D /* QuizTests.swift */,
				BB09F3721E396789004ED03D /* Info.plist */,
			);
			path = QuizTests;
			sourceTree = "<group>";
		};
		BB09F37A1E396789004ED03D /* QuizUITests */ = {
			isa = PBXGroup;
			children = (
				BB09F37B1E396789004ED03D /* QuizUITests.swift */,
				BB09F37D1E396789004ED03D /* Info.plist */,
			);
			path = QuizUITests;
			sourceTree = "<group>";
		};
/* End PBXGroup section */

/* Begin PBXNativeTarget section */
		BB09F3571E396789004ED03D /* Quiz */ = {
			isa = PBXNativeTarget;
			buildConfigurationList = BB09F3801E396789004ED03D /* Build configuration list for PBXNativeTarget "Quiz" */;
			buildPhases = (
				BB09F3541E396789004ED03D /* Sources */,
				BB09F3551E396789004ED03D /* Frameworks */,
				BB09F3561E396789004ED03D /* Resources */,
			);
			buildRules = (
			);
			dependencies = (
			);
			name = Quiz;
			productName = Quiz;
			productReference = BB09F3581E396789004ED03D /* Quiz.app */;
			productType = "com.apple.product-type.application";
		};
		BB09F36B1E396789004ED03D /* QuizTests */ = {
			isa = PBXNativeTarget;
			buildConfigurationList = BB09F3831E396789004ED03D /* Build configuration list for PBXNativeTarget "QuizTests" */;
			buildPhases = (
				BB09F3681E396789004ED03D /* Sources */,
				BB09F3691E396789004ED03D /* Frameworks */,
				BB09F36A1E396789004ED03D /* Resources */,
			);
			buildRules = (
			);
			dependencies = (
				BB09F36E1E396789004ED03D /* PBXTargetDependency */,
			);
			name = QuizTests;
			productName = QuizTests;
			productReference = BB09F36C1E396789004ED03D /* QuizTests.xctest */;
			productType = "com.apple.product-type.bundle.unit-test";
		};
		BB09F3761E396789004ED03D /* QuizUITests */ = {
			isa = PBXNativeTarget;
			buildConfigurationList = BB09F3861E396789004ED03D /* Build configuration list for PBXNativeTarget "QuizUITests" */;
			buildPhases = (
				BB09F3731E396789004ED03D /* Sources */,
				BB09F3741E396789004ED03D /* Frameworks */,
				BB09F3751E396789004ED03D /* Resources */,
			);
			buildRules = (
			);
			dependencies = (
				BB09F3791E396789004ED03D /* PBXTargetDependency */,
			);
			name = QuizUITests;
			productName = QuizUITests;
			productReference = BB09F3771E396789004ED03D /* QuizUITests.xctest */;
			productType = "com.apple.product-type.bundle.ui-testing";
		};
/* End PBXNativeTarget section */

/* Begin PBXProject section */
		BB09F3501E396789004ED03D /* Project object */ = {
			isa = PBXProject;
			attributes = {
				LastSwiftUpdateCheck = 0820;
				LastUpgradeCheck = 0820;
				ORGANIZATIONNAME = "Fiori III, Anthony J";
				TargetAttributes = {
					BB09F3571E396789004ED03D = {
						CreatedOnToolsVersion = 8.2.1;
						DevelopmentTeam = 22C69K8773;
						ProvisioningStyle = Automatic;
					};
					BB09F36B1E396789004ED03D = {
						CreatedOnToolsVersion = 8.2.1;
						ProvisioningStyle = Automatic;
						TestTargetID = BB09F3571E396789004ED03D;
					};
					BB09F3761E396789004ED03D = {
						CreatedOnToolsVersion = 8.2.1;
						ProvisioningStyle = Automatic;
						TestTargetID = BB09F3571E396789004ED03D;
					};
				};
			};
			buildConfigurationList = BB09F3531E396789004ED03D /* Build configuration list for PBXProject "Quiz" */;
			compatibilityVersion = "Xcode 3.2";
			developmentRegion = English;
			hasScannedForEncodings = 0;
			knownRegions = (
				en,
				Base,
			);
			mainGroup = BB09F34F1E396789004ED03D;
			productRefGroup = BB09F3591E396789004ED03D /* Products */;
			projectDirPath = "";
			projectRoot = "";
			targets = (
				BB09F3571E396789004ED03D /* Quiz */,
				BB09F36B1E396789004ED03D /* QuizTests */,
				BB09F3761E396789004ED03D /* QuizUITests */,
			);
		};
/* End PBXProject section */

/* Begin PBXResourcesBuildPhase section */
		BB09F3561E396789004ED03D /* Resources */ = {
			isa = PBXResourcesBuildPhase;
			buildActionMask = 2147483647;
			files = (
				BB09F3661E396789004ED03D /* LaunchScreen.storyboard in Resources */,
				BB09F3631E396789004ED03D /* Assets.xcassets in Resources */,
				BB09F3611E396789004ED03D /* Main.storyboard in Resources */,
			);
			runOnlyForDeploymentPostprocessing = 0;
		};
		BB09F36A1E396789004ED03D /* Resources */ = {
			isa = PBXResourcesBuildPhase;
			buildActionMask = 2147483647;
			files = (
			);
			runOnlyForDeploymentPostprocessing = 0;
		};
		BB09F3751E396789004ED03D /* Resources */ = {
			isa = PBXResourcesBuildPhase;
			buildActionMask = 2147483647;
			files = (
			);
			runOnlyForDeploymentPostprocessing = 0;
		};
/* End PBXResourcesBuildPhase section */

/* Begin PBXSourcesBuildPhase section */
		BB09F3541E396789004ED03D /* Sources */ = {
			isa = PBXSourcesBuildPhase;
			buildActionMask = 2147483647;
			files = (
				BB09F35E1E396789004ED03D /* ViewController.swift in Sources */,
				BB09F35C1E396789004ED03D /* AppDelegate.swift in Sources */,
			);
			runOnlyForDeploymentPostprocessing = 0;
		};
		BB09F3681E396789004ED03D /* Sources */ = {
			isa = PBXSourcesBuildPhase;
			buildActionMask = 2147483647;
			files = (
				BB09F3711E396789004ED03D /* QuizTests.swift in Sources */,
			);
			runOnlyForDeploymentPostprocessing = 0;
		};
		BB09F3731E396789004ED03D /* Sources */ = {
			isa = PBXSourcesBuildPhase;
			buildActionMask = 2147483647;
			files = (
				BB09F37C1E396789004ED03D /* QuizUITests.swift in Sources */,
			);
			runOnlyForDeploymentPostprocessing = 0;
		};
/* End PBXSourcesBuildPhase section */

/* Begin PBXTargetDependency section */
		BB09F36E1E396789004ED03D /* PBXTargetDependency */ = {
			isa = PBXTargetDependency;
			target = BB09F3571E396789004ED03D /* Quiz */;
			targetProxy = BB09F36D1E396789004ED03D /* PBXContainerItemProxy */;
		};
		BB09F3791E396789004ED03D /* PBXTargetDependency */ = {
			isa = PBXTargetDependency;
			target = BB09F3571E396789004ED03D /* Quiz */;
			targetProxy = BB09F3781E396789004ED03D /* PBXContainerItemProxy */;
		};
/* End PBXTargetDependency section */

/* Begin PBXVariantGroup section */
		BB09F35F1E396789004ED03D /* Main.storyboard */ = {
			isa = PBXVariantGroup;
			children = (
				BB09F3601E396789004ED03D /* Base */,
			);
			name = Main.storyboard;
			sourceTree = "<group>";
		};
		BB09F3641E396789004ED03D /* LaunchScreen.storyboard */ = {
			isa = PBXVariantGroup;
			children = (
				BB09F3651E396789004ED03D /* Base */,
			);
			name = LaunchScreen.storyboard;
			sourceTree = "<group>";
		};
/* End PBXVariantGroup section */

/* Begin XCBuildConfiguration section */
		BB09F37E1E396789004ED03D /* Debug */ = {
			isa = XCBuildConfiguration;
			buildSettings = {
				ALWAYS_SEARCH_USER_PATHS = NO;
				CLANG_ANALYZER_NONNULL = YES;
				CLANG_CXX_LANGUAGE_STANDARD = "gnu++0x";
				CLANG_CXX_LIBRARY = "libc++";
				CLANG_ENABLE_MODULES = YES;
				CLANG_ENABLE_OBJC_ARC = YES;
				CLANG_WARN_BOOL_CONVERSION = YES;
				CLANG_WARN_CONSTANT_CONVERSION = YES;
				CLANG_WARN_DIRECT_OBJC_ISA_USAGE = YES_ERROR;
				CLANG_WARN_DOCUMENTATION_COMMENTS = YES;
				CLANG_WARN_EMPTY_BODY = YES;
				CLANG_WARN_ENUM_CONVERSION = YES;
				CLANG_WARN_INFINITE_RECURSION = YES;
				CLANG_WARN_INT_CONVERSION = YES;
				CLANG_WARN_OBJC_ROOT_CLASS = YES_ERROR;
				CLANG_WARN_SUSPICIOUS_MOVE = YES;
				CLANG_WARN_UNREACHABLE_CODE = YES;
				CLANG_WARN__DUPLICATE_METHOD_MATCH = YES;
				"CODE_SIGN_IDENTITY[sdk=iphoneos*]" = "iPhone Developer";
				COPY_PHASE_STRIP = NO;
				DEBUG_INFORMATION_FORMAT = dwarf;
				ENABLE_STRICT_OBJC_MSGSEND = YES;
				ENABLE_TESTABILITY = YES;
				GCC_C_LANGUAGE_STANDARD = gnu99;
				GCC_DYNAMIC_NO_PIC = NO;
				GCC_NO_COMMON_BLOCKS = YES;
				GCC_OPTIMIZATION_LEVEL = 0;
				GCC_PREPROCESSOR_DEFINITIONS = (
					"DEBUG=1",
					"$(inherited)",
				);
				GCC_WARN_64_TO_32_BIT_CONVERSION = YES;
				GCC_WARN_ABOUT_RETURN_TYPE = YES_ERROR;
				GCC_WARN_UNDECLARED_SELECTOR = YES;
				GCC_WARN_UNINITIALIZED_AUTOS = YES_AGGRESSIVE;
				GCC_WARN_UNUSED_FUNCTION = YES;
				GCC_WARN_UNUSED_VARIABLE = YES;
				IPHONEOS_DEPLOYMENT_TARGET = 10.2;
				MTL_ENABLE_DEBUG_INFO = YES;
				ONLY_ACTIVE_ARCH = YES;
				SDKROOT = iphoneos;
				SWIFT_ACTIVE_COMPILATION_CONDITIONS = DEBUG;
				SWIFT_OPTIMIZATION_LEVEL = "-Onone";
				TARGETED_DEVICE_FAMILY = "1,2";
			};
			name = Debug;
		};
		BB09F37F1E396789004ED03D /* Release */ = {
			isa = XCBuildConfiguration;
			buildSettings = {
				ALWAYS_SEARCH_USER_PATHS = NO;
				CLANG_ANALYZER_NONNULL = YES;
				CLANG_CXX_LANGUAGE_STANDARD = "gnu++0x";
				CLANG_CXX_LIBRARY = "libc++";
				CLANG_ENABLE_MODULES = YES;
				CLANG_ENABLE_OBJC_ARC = YES;
				CLANG_WARN_BOOL_CONVERSION = YES;
				CLANG_WARN_CONSTANT_CONVERSION = YES;
				CLANG_WARN_DIRECT_OBJC_ISA_USAGE = YES_ERROR;
				CLANG_WARN_DOCUMENTATION_COMMENTS = YES;
				CLANG_WARN_EMPTY_BODY = YES;
				CLANG_WARN_ENUM_CONVERSION = YES;
				CLANG_WARN_INFINITE_RECURSION = YES;
				CLANG_WARN_INT_CONVERSION = YES;
				CLANG_WARN_OBJC_ROOT_CLASS = YES_ERROR;
				CLANG_WARN_SUSPICIOUS_MOVE = YES;
				CLANG_WARN_UNREACHABLE_CODE = YES;
				CLANG_WARN__DUPLICATE_METHOD_MATCH = YES;
				"CODE_SIGN_IDENTITY[sdk=iphoneos*]" = "iPhone Developer";
				COPY_PHASE_STRIP = NO;
				DEBUG_INFORMATION_FORMAT = "dwarf-with-dsym";
				ENABLE_NS_ASSERTIONS = NO;
				ENABLE_STRICT_OBJC_MSGSEND = YES;
				GCC_C_LANGUAGE_STANDARD = gnu99;
				GCC_NO_COMMON_BLOCKS = YES;
				GCC_WARN_64_TO_32_BIT_CONVERSION = YES;
				GCC_WARN_ABOUT_RETURN_TYPE = YES_ERROR;
				GCC_WARN_UNDECLARED_SELECTOR = YES;
				GCC_WARN_UNINITIALIZED_AUTOS = YES_AGGRESSIVE;
				GCC_WARN_UNUSED_FUNCTION = YES;
				GCC_WARN_UNUSED_VARIABLE = YES;
				IPHONEOS_DEPLOYMENT_TARGET = 10.2;
				MTL_ENABLE_DEBUG_INFO = NO;
				SDKROOT = iphoneos;
				SWIFT_OPTIMIZATION_LEVEL = "-Owholemodule";
				TARGETED_DEVICE_FAMILY = "1,2";
				VALIDATE_PRODUCT = YES;
			};
			name = Release;
		};
		BB09F3811E396789004ED03D /* Debug */ = {
			isa = XCBuildConfiguration;
			buildSettings = {
				ASSETCATALOG_COMPILER_APPICON_NAME = AppIcon;
				DEVELOPMENT_TEAM = 22C69K8773;
				INFOPLIST_FILE = Quiz/Info.plist;
				LD_RUNPATH_SEARCH_PATHS = "$(inherited) @executable_path/Frameworks";
				PRODUCT_BUNDLE_IDENTIFIER = edu.neit.Quiz;
				PRODUCT_NAME = "$(TARGET_NAME)";
				SWIFT_VERSION = 3.0;
			};
			name = Debug;
		};
		BB09F3821E396789004ED03D /* Release */ = {
			isa = XCBuildConfiguration;
			buildSettings = {
				ASSETCATALOG_COMPILER_APPICON_NAME = AppIcon;
				DEVELOPMENT_TEAM = 22C69K8773;
				INFOPLIST_FILE = Quiz/Info.plist;
				LD_RUNPATH_SEARCH_PATHS = "$(inherited) @executable_path/Frameworks";
				PRODUCT_BUNDLE_IDENTIFIER = edu.neit.Quiz;
				PRODUCT_NAME = "$(TARGET_NAME)";
				SWIFT_VERSION = 3.0;
			};
			name = Release;
		};
		BB09F3841E396789004ED03D /* Debug */ = {
			isa = XCBuildConfiguration;
			buildSettings = {
				ALWAYS_EMBED_SWIFT_STANDARD_LIBRARIES = YES;
				BUNDLE_LOADER = "$(TEST_HOST)";
				INFOPLIST_FILE = QuizTests/Info.plist;
				LD_RUNPATH_SEARCH_PATHS = "$(inherited) @executable_path/Frameworks @loader_path/Frameworks";
				PRODUCT_BUNDLE_IDENTIFIER = edu.neit.QuizTests;
				PRODUCT_NAME = "$(TARGET_NAME)";
				SWIFT_VERSION = 3.0;
				TEST_HOST = "$(BUILT_PRODUCTS_DIR)/Quiz.app/Quiz";
			};
			name = Debug;
		};
		BB09F3851E396789004ED03D /* Release */ = {
			isa = XCBuildConfiguration;
			buildSettings = {
				ALWAYS_EMBED_SWIFT_STANDARD_LIBRARIES = YES;
				BUNDLE_LOADER = "$(TEST_HOST)";
				INFOPLIST_FILE = QuizTests/Info.plist;
				LD_RUNPATH_SEARCH_PATHS = "$(inherited) @executable_path/Frameworks @loader_path/Frameworks";
				PRODUCT_BUNDLE_IDENTIFIER = edu.neit.QuizTests;
				PRODUCT_NAME = "$(TARGET_NAME)";
				SWIFT_VERSION = 3.0;
				TEST_HOST = "$(BUILT_PRODUCTS_DIR)/Quiz.app/Quiz";
			};
			name = Release;
		};
		BB09F3871E396789004ED03D /* Debug */ = {
			isa = XCBuildConfiguration;
			buildSettings = {
				ALWAYS_EMBED_SWIFT_STANDARD_LIBRARIES = YES;
				INFOPLIST_FILE = QuizUITests/Info.plist;
				LD_RUNPATH_SEARCH_PATHS = "$(inherited) @executable_path/Frameworks @loader_path/Frameworks";
				PRODUCT_BUNDLE_IDENTIFIER = edu.neit.QuizUITests;
				PRODUCT_NAME = "$(TARGET_NAME)";
				SWIFT_VERSION = 3.0;
				TEST_TARGET_NAME = Quiz;
			};
			name = Debug;
		};
		BB09F3881E396789004ED03D /* Release */ = {
			isa = XCBuildConfiguration;
			buildSettings = {
				ALWAYS_EMBED_SWIFT_STANDARD_LIBRARIES = YES;
				INFOPLIST_FILE = QuizUITests/Info.plist;
				LD_RUNPATH_SEARCH_PATHS = "$(inherited) @executable_path/Frameworks @loader_path/Frameworks";
				PRODUCT_BUNDLE_IDENTIFIER = edu.neit.QuizUITests;
				PRODUCT_NAME = "$(TARGET_NAME)";
				SWIFT_VERSION = 3.0;
				TEST_TARGET_NAME = Quiz;
			};
			name = Release;
		};
/* End XCBuildConfiguration section */

/* Begin XCConfigurationList section */
		BB09F3531E396789004ED03D /* Build configuration list for PBXProject "Quiz" */ = {
			isa = XCConfigurationList;
			buildConfigurations = (
				BB09F37E1E396789004ED03D /* Debug */,
				BB09F37F1E396789004ED03D /* Release */,
			);
			defaultConfigurationIsVisible = 0;
			defaultConfigurationName = Release;
		};
		BB09F3801E396789004ED03D /* Build configuration list for PBXNativeTarget "Quiz" */ = {
			isa = XCConfigurationList;
			buildConfigurations = (
				BB09F3811E396789004ED03D /* Debug */,
				BB09F3821E396789004ED03D /* Release */,
			);
			defaultConfigurationIsVisible = 0;
			defaultConfigurationName = Release;
		};
		BB09F3831E396789004ED03D /* Build configuration list for PBXNativeTarget "QuizTests" */ = {
			isa = XCConfigurationList;
			buildConfigurations = (
				BB09F3841E396789004ED03D /* Debug */,
				BB09F3851E396789004ED03D /* Release */,
			);
			defaultConfigurationIsVisible = 0;
			defaultConfigurationName = Release;
		};
		BB09F3861E396789004ED03D /* Build configuration list for PBXNativeTarget "QuizUITests" */ = {
			isa = XCConfigurationList;
			buildConfigurations = (
				BB09F3871E396789004ED03D /* Debug */,
				BB09F3881E396789004ED03D /* Release */,
			);
			defaultConfigurationIsVisible = 0;
			defaultConfigurationName = Release;
		};
/* End XCConfigurationList section */
	};
	rootObject = BB09F3501E396789004ED03D /* Project object */;
}
